
Microsoft Visual Studio Solution File, Format Version 12.00
# Visual Studio Version 16
VisualStudioVersion = 16.0.30204.135
MinimumVisualStudioVersion = 10.0.40219.1
Project("{FAE04EC0-301F-11D3-BF4B-00C04F79EFBC}") = "StudentMVCClient", "StudentMVCClient.csproj", "{6CB6D901-E71B-4718-A4DA-4E30E095D9F5}"
EndProject
Global
	GlobalSection(SolutionConfigurationPlatforms) = preSolution
		Debug|Any CPU = Debug|Any CPU
		Release|Any CPU = Release|Any CPU
	EndGlobalSection
	GlobalSection(ProjectConfigurationPlatforms) = postSolution
		{6CB6D901-E71B-4718-A4DA-4E30E095D9F5}.Debug|Any CPU.ActiveCfg = Debug|Any CPU
		{6CB6D901-E71B-4718-A4DA-4E30E095D9F5}.Debug|Any CPU.Build.0 = Debug|Any CPU
		{6CB6D901-E71B-4718-A4DA-4E30E095D9F5}.Release|Any CPU.ActiveCfg = Release|Any CPU
		{6CB6D901-E71B-4718-A4DA-4E30E095D9F5}.Release|Any CPU.Build.0 = Release|Any CPU
	EndGlobalSection
	GlobalSection(SolutionProperties) = preSolution
		HideSolutionNode = FALSE
	EndGlobalSection
	GlobalSection(ExtensibilityGlobals) = postSolution
		SolutionGuid = {F029FFAD-45BB-41E3-979E-2D8EDD5CA9C9}
	EndGlobalSection
EndGlobal
